
Microsoft Visual Studio Solution File, Format Version 12.00
# Visual Studio Version 17
VisualStudioVersion = 17.5.33516.290
MinimumVisualStudioVersion = 10.0.40219.1
Project("{FAE04EC0-301F-11D3-BF4B-00C04F79EFBC}") = "LeanASP.Net", "LeanASP.Net\LeanASP.Net.csproj", "{432B7EE7-AD36-45CC-A7F2-44451E888DE2}"
EndProject
Global
	GlobalSection(SolutionConfigurationPlatforms) = preSolution
		Debug|Any CPU = Debug|Any CPU
		Release|Any CPU = Release|Any CPU
	EndGlobalSection
	GlobalSection(ProjectConfigurationPlatforms) = postSolution
		{432B7EE7-AD36-45CC-A7F2-44451E888DE2}.Debug|Any CPU.ActiveCfg = Debug|Any CPU
		{432B7EE7-AD36-45CC-A7F2-44451E888DE2}.Debug|Any CPU.Build.0 = Debug|Any CPU
		{432B7EE7-AD36-45CC-A7F2-44451E888DE2}.Release|Any CPU.ActiveCfg = Release|Any CPU
		{432B7EE7-AD36-45CC-A7F2-44451E888DE2}.Release|Any CPU.Build.0 = Release|Any CPU
	EndGlobalSection
	GlobalSection(SolutionProperties) = preSolution
		HideSolutionNode = FALSE
	EndGlobalSection
	GlobalSection(ExtensibilityGlobals) = postSolution
		SolutionGuid = {73E1D9F1-C9F8-4BA9-A540-E16BE78F3949}
	EndGlobalSection
EndGlobal
